PODS:
  - Bolts/Tasks (1.8.4)
  - Parse (1.15.0):
    - Bolts/Tasks (~> 1.8)

DEPENDENCIES:
  - Parse

SPEC CHECKSUMS:
  Bolts: 8a7995239dbe724f9cba2248b766d48b7ebdd322
  Parse: c0519f8fbf57bd0334f75cd22ac032d86ee55464

PODFILE CHECKSUM: 516117529424a1bd4b595dccdcfc991ac680ecb7

COCOAPODS: 1.3.0.beta.1
